github.com/creack/goselect v0.1.2 h1:2DNy14+JPjRBgPzAd1thbQp4BSIihxcBf0IXhQXDRa0=
github.com/creack/goselect v0.1.2/go.mod h1:a/NhLweNvqIYMuxcMOuWY516Cimucms3DglDzQP3hKY=
github.com/davecgh/go-spew v1.1.1 h1:vj9j/u1bqnvCEfJOwUhtlOARqs3+rkHYY13jYWTU97c=
github.com/davecgh/go-spew v1.1.1/go.mod h1:J7Y8YcW2NihsgmVo/mv3lAwl/skON4iLHjSsI+c5H38=
github.com/pmezard/go-difflib v1.0.0 h1:4DBwDE0NGyQoBHbLQYPwSUPoCMWR5BEzIk/f1lZbAQM=
github.com/pmezard/go-difflib v1.0.0/go.mod h1:iKH77koFhYxTK1pcRnkKkqfTogsbg7gZNVY4sRDYZ/4=
github.com/sparques/kiss v0.0.0-20260423234907-b2655561a966 h1:il0mV3blf+VeyTPLNa/FxQDeMgFXLMXcg2McuLP5t9U=
github.com/sparques/kiss v0.0.0-20260423234907-b2655561a966/go.mod h1:SNw5Vaz7XyB06vM5gzsC2vYUQmzgA+yA3sZJbjX2ibs=
github.com/sparques/kiss v0.0.0-20260424133057-6ce6fe53095c h1:GB3UYSeySpgWuFQJfXuU2Z3bsQROFj3wQMQvKel2KO8=
github.com/sparques/kiss v0.0.0-20260424133057-6ce6fe53095c/go.mod h1:SNw5Vaz7XyB06vM5gzsC2vYUQmzgA+yA3sZJbjX2ibs=
github.com/sparques/kiss v0.0.0-20260428185809-61cfb5d39db2 h1:b9V5LwmHRxZvy+FbQEBvjfL6+UBQJztWUmHHhnoXQMU=
github.com/sparques/kiss v0.0.0-20260428185809-61cfb5d39db2/go.mod h1:SNw5Vaz7XyB06vM5gzsC2vYUQmzgA+yA3sZJbjX2ibs=
github.com/sparques/kiss v0.0.0-20260428190248-2e406c069e28 h1:eDvs+7Z8iZgGOjq+5YRC3mBqPqnX0PEiT1cFVBw+idk=
github.com/sparques/kiss v0.0.0-20260428190248-2e406c069e28/go.mod h1:SNw5Vaz7XyB06vM5gzsC2vYUQmzgA+yA3sZJbjX2ibs=
github.com/stretchr/testify v1.8.4 h1:CcVxjf3Q8PM0mHUKJCdn+eZZtm5yQwehR5yeSVQQcUk=
github.com/stretchr/testify v1.8.4/go.mod h1:sz/lmYIOXD/1dqDmKjjqLyZ2RngseejIcXlSw2iwfAo=
go.bug.st/serial v1.6.4 h1:7FmqNPgVp3pu2Jz5PoPtbZ9jJO5gnEnZIvnI1lzve8A=
go.bug.st/serial v1.6.4/go.mod h1:nofMJxTeNVny/m6+KaafC6vJGj3miwQZ6vW4BZUGJPI=
golang.org/x/sys v0.19.0 h1:q5f1RH2jigJ1MoAWp2KTp3gm5zAGFUTarQZ5U386+4o=
golang.org/x/sys v0.19.0/go.mod h1:/VUhepiaJMQUp4+oa/7Zr1D23ma6VTLIYjOOTFZPUcA=
gopkg.in/yaml.v3 v3.0.1 h1:fxVm/GzAzEWqLHuvctI91KS9hhNmmWOoWu0XTYJS7CA=
gopkg.in/yaml.v3 v3.0.1/go.mod h1:K4uyk7z7BCEPqu6E+C64Yfv1cQ7kz7rIZviUmN+EgEM=
